
Microsoft Visual Studio Solution File, Format Version 12.00
# Visual Studio Version 17
VisualStudioVersion = 17.3.32901.215
MinimumVisualStudioVersion = 10.0.40219.1
Project("{FAE04EC0-301F-11D3-BF4B-00C04F79EFBC}") = "fiboClaudia", "fiboClaudia\fiboClaudia.csproj", "{0A6DE95D-2BDA-4A75-A9B2-FD22F186CACA}"
EndProject
Global
	GlobalSection(SolutionConfigurationPlatforms) = preSolution
		Debug|Any CPU = Debug|Any CPU
		Release|Any CPU = Release|Any CPU
	EndGlobalSection
	GlobalSection(ProjectConfigurationPlatforms) = postSolution
		{0A6DE95D-2BDA-4A75-A9B2-FD22F186CACA}.Debug|Any CPU.ActiveCfg = Debug|Any CPU
		{0A6DE95D-2BDA-4A75-A9B2-FD22F186CACA}.Debug|Any CPU.Build.0 = Debug|Any CPU
		{0A6DE95D-2BDA-4A75-A9B2-FD22F186CACA}.Release|Any CPU.ActiveCfg = Release|Any CPU
		{0A6DE95D-2BDA-4A75-A9B2-FD22F186CACA}.Release|Any CPU.Build.0 = Release|Any CPU
	EndGlobalSection
	GlobalSection(SolutionProperties) = preSolution
		HideSolutionNode = FALSE
	EndGlobalSection
	GlobalSection(ExtensibilityGlobals) = postSolution
		SolutionGuid = {A89CB07E-4E95-4C69-ACFB-225B73C7BA46}
	EndGlobalSection
EndGlobal
