
Microsoft Visual Studio Solution File, Format Version 12.00
# Visual Studio Version 17
VisualStudioVersion = 17.3.32901.215
MinimumVisualStudioVersion = 10.0.40219.1
Project("{FAE04EC0-301F-11D3-BF4B-00C04F79EFBC}") = "Ejercicio6Euler_sumSquare", "Ejercicio6Euler_sumSquare\Ejercicio6Euler_sumSquare.csproj", "{54EFB68A-9C22-42CD-95CC-BE6D2758043F}"
EndProject
Project("{FAE04EC0-301F-11D3-BF4B-00C04F79EFBC}") = "Test_E6_SumSquare", "Test_E6_SumSquare\Test_E6_SumSquare.csproj", "{9E948845-0E55-443A-B975-2C13AA20F0B5}"
EndProject
Global
	GlobalSection(SolutionConfigurationPlatforms) = preSolution
		Debug|Any CPU = Debug|Any CPU
		Release|Any CPU = Release|Any CPU
	EndGlobalSection
	GlobalSection(ProjectConfigurationPlatforms) = postSolution
		{54EFB68A-9C22-42CD-95CC-BE6D2758043F}.Debug|Any CPU.ActiveCfg = Debug|Any CPU
		{54EFB68A-9C22-42CD-95CC-BE6D2758043F}.Debug|Any CPU.Build.0 = Debug|Any CPU
		{54EFB68A-9C22-42CD-95CC-BE6D2758043F}.Release|Any CPU.ActiveCfg = Release|Any CPU
		{54EFB68A-9C22-42CD-95CC-BE6D2758043F}.Release|Any CPU.Build.0 = Release|Any CPU
		{9E948845-0E55-443A-B975-2C13AA20F0B5}.Debug|Any CPU.ActiveCfg = Debug|Any CPU
		{9E948845-0E55-443A-B975-2C13AA20F0B5}.Debug|Any CPU.Build.0 = Debug|Any CPU
		{9E948845-0E55-443A-B975-2C13AA20F0B5}.Release|Any CPU.ActiveCfg = Release|Any CPU
		{9E948845-0E55-443A-B975-2C13AA20F0B5}.Release|Any CPU.Build.0 = Release|Any CPU
	EndGlobalSection
	GlobalSection(SolutionProperties) = preSolution
		HideSolutionNode = FALSE
	EndGlobalSection
	GlobalSection(ExtensibilityGlobals) = postSolution
		SolutionGuid = {FF29CB95-5777-4292-BFEB-A5E6554D47AC}
	EndGlobalSection
EndGlobal
